
Microsoft Visual Studio Solution File, Format Version 12.00
# Visual Studio Version 17
VisualStudioVersion = 17.8.34511.84
MinimumVisualStudioVersion = 10.0.40219.1
Project("{FAE04EC0-301F-11D3-BF4B-00C04F79EFBC}") = "NekoForWindows", "NekoForWindows\NekoForWindows.csproj", "{ECD0C280-EEC6-486C-8F81-626DDBF180CD}"
EndProject
Global
	GlobalSection(SolutionConfigurationPlatforms) = preSolution
		Debug|Any CPU = Debug|Any CPU
		Release|Any CPU = Release|Any CPU
	EndGlobalSection
	GlobalSection(ProjectConfigurationPlatforms) = postSolution
		{ECD0C280-EEC6-486C-8F81-626DDBF180CD}.Debug|Any CPU.ActiveCfg = Debug|Any CPU
		{ECD0C280-EEC6-486C-8F81-626DDBF180CD}.Debug|Any CPU.Build.0 = Debug|Any CPU
		{ECD0C280-EEC6-486C-8F81-626DDBF180CD}.Release|Any CPU.ActiveCfg = Release|Any CPU
		{ECD0C280-EEC6-486C-8F81-626DDBF180CD}.Release|Any CPU.Build.0 = Release|Any CPU
	EndGlobalSection
	GlobalSection(SolutionProperties) = preSolution
		HideSolutionNode = FALSE
	EndGlobalSection
	GlobalSection(ExtensibilityGlobals) = postSolution
		SolutionGuid = {2CB86F8D-7DA4-45BD-AA1D-DA153CBEB693}
	EndGlobalSection
EndGlobal
